
Microsoft Visual Studio Solution File, Format Version 12.00
# Visual Studio Version 17
VisualStudioVersion = 17.9.34616.47
MinimumVisualStudioVersion = 10.0.40219.1
Project("{8BC9CEB8-8B4A-11D0-8D11-00A0C91BC942}") = "116_singlelinkedlist", "116_singlelinkedlist\116_singlelinkedlist.vcxproj", "{74B84D3D-0CBD-4758-A2D0-ACD0D8FC3C3A}"
EndProject
Global
	GlobalSection(SolutionConfigurationPlatforms) = preSolution
		Debug|x64 = Debug|x64
		Debug|x86 = Debug|x86
		Release|x64 = Release|x64
		Release|x86 = Release|x86
	EndGlobalSection
	GlobalSection(ProjectConfigurationPlatforms) = postSolution
		{74B84D3D-0CBD-4758-A2D0-ACD0D8FC3C3A}.Debug|x64.ActiveCfg = Debug|x64
		{74B84D3D-0CBD-4758-A2D0-ACD0D8FC3C3A}.Debug|x64.Build.0 = Debug|x64
		{74B84D3D-0CBD-4758-A2D0-ACD0D8FC3C3A}.Debug|x86.ActiveCfg = Debug|Win32
		{74B84D3D-0CBD-4758-A2D0-ACD0D8FC3C3A}.Debug|x86.Build.0 = Debug|Win32
		{74B84D3D-0CBD-4758-A2D0-ACD0D8FC3C3A}.Release|x64.ActiveCfg = Release|x64
		{74B84D3D-0CBD-4758-A2D0-ACD0D8FC3C3A}.Release|x64.Build.0 = Release|x64
		{74B84D3D-0CBD-4758-A2D0-ACD0D8FC3C3A}.Release|x86.ActiveCfg = Release|Win32
		{74B84D3D-0CBD-4758-A2D0-ACD0D8FC3C3A}.Release|x86.Build.0 = Release|Win32
	EndGlobalSection
	GlobalSection(SolutionProperties) = preSolution
		HideSolutionNode = FALSE
	EndGlobalSection
	GlobalSection(ExtensibilityGlobals) = postSolution
		SolutionGuid = {525531AF-6096-4F10-BB00-40C54212B632}
	EndGlobalSection
EndGlobal
